
Microsoft Visual Studio Solution File, Format Version 12.00
# Visual Studio 2012
Project("{FAE04EC0-301F-11D3-BF4B-00C04F79EFBC}") = "MvcAppli2", "MvcAppli2\MvcAppli2.csproj", "{B53A14C0-1F77-4059-A4AF-C779523B29B2}"
EndProject
Project("{FAE04EC0-301F-11D3-BF4B-00C04F79EFBC}") = "BusinessLayer", "BusinessLayer\BusinessLayer.csproj", "{48285E08-8541-4E05-8F56-BE0790175FFB}"
EndProject
Global
	GlobalSection(SolutionConfigurationPlatforms) = preSolution
		Debug|Any CPU = Debug|Any CPU
		Release|Any CPU = Release|Any CPU
	EndGlobalSection
	GlobalSection(ProjectConfigurationPlatforms) = postSolution
		{B53A14C0-1F77-4059-A4AF-C779523B29B2}.Debug|Any CPU.ActiveCfg = Debug|Any CPU
		{B53A14C0-1F77-4059-A4AF-C779523B29B2}.Debug|Any CPU.Build.0 = Debug|Any CPU
		{B53A14C0-1F77-4059-A4AF-C779523B29B2}.Release|Any CPU.ActiveCfg = Release|Any CPU
		{B53A14C0-1F77-4059-A4AF-C779523B29B2}.Release|Any CPU.Build.0 = Release|Any CPU
		{48285E08-8541-4E05-8F56-BE0790175FFB}.Debug|Any CPU.ActiveCfg = Debug|Any CPU
		{48285E08-8541-4E05-8F56-BE0790175FFB}.Debug|Any CPU.Build.0 = Debug|Any CPU
		{48285E08-8541-4E05-8F56-BE0790175FFB}.Release|Any CPU.ActiveCfg = Release|Any CPU
		{48285E08-8541-4E05-8F56-BE0790175FFB}.Release|Any CPU.Build.0 = Release|Any CPU
	EndGlobalSection
	GlobalSection(SolutionProperties) = preSolution
		HideSolutionNode = FALSE
	EndGlobalSection
EndGlobal
